
Microsoft Visual Studio Solution File, Format Version 12.00
# Visual Studio Version 16
VisualStudioVersion = 16.0.32228.343
MinimumVisualStudioVersion = 10.0.40219.1
Project("{FAE04EC0-301F-11D3-BF4B-00C04F79EFBC}") = "StaticExercise", "StaticExercise\StaticExercise.csproj", "{802A1D37-88B5-42CF-AD54-D84757FE096B}"
EndProject
Global
	GlobalSection(SolutionConfigurationPlatforms) = preSolution
		Debug|Any CPU = Debug|Any CPU
		Release|Any CPU = Release|Any CPU
	EndGlobalSection
	GlobalSection(ProjectConfigurationPlatforms) = postSolution
		{802A1D37-88B5-42CF-AD54-D84757FE096B}.Debug|Any CPU.ActiveCfg = Debug|Any CPU
		{802A1D37-88B5-42CF-AD54-D84757FE096B}.Debug|Any CPU.Build.0 = Debug|Any CPU
		{802A1D37-88B5-42CF-AD54-D84757FE096B}.Release|Any CPU.ActiveCfg = Release|Any CPU
		{802A1D37-88B5-42CF-AD54-D84757FE096B}.Release|Any CPU.Build.0 = Release|Any CPU
	EndGlobalSection
	GlobalSection(SolutionProperties) = preSolution
		HideSolutionNode = FALSE
	EndGlobalSection
	GlobalSection(ExtensibilityGlobals) = postSolution
		SolutionGuid = {ABDD4C49-2FAE-4478-8251-774B11D03164}
	EndGlobalSection
EndGlobal
